{
  "lockfileVersion": 1,
  "configVersion": 1,
  "workspaces": {
    "": {
      "name": "steam-spotify-desktop",
      "dependencies": {
        "@tauri-apps/api": "2.0.2",
      },
      "devDependencies": {
        "@tauri-apps/cli": "2.0.2",
      },
    },
  },
  "packages": {
    "@tauri-apps/api": ["@tauri-apps/api@2.0.2", "", {}, "sha512-3wSwmG+1kr6WrgAFKK5ijkNFPp8TT3FLj3YHUb5EwMO+3FxX4uWlfSWkeeBy+Kc1RsKzugtYLuuya+98Flj+3w=="],

    "@tauri-apps/cli": ["@tauri-apps/cli@2.0.2", "", { "optionalDependencies": { "@tauri-apps/cli-darwin-arm64": "2.0.2", "@tauri-apps/cli-darwin-x64": "2.0.2", "@tauri-apps/cli-linux-arm-gnueabihf": "2.0.2", "@tauri-apps/cli-linux-arm64-gnu": "2.0.2", "@tauri-apps/cli-linux-arm64-musl": "2.0.2", "@tauri-apps/cli-linux-x64-gnu": "2.0.2", "@tauri-apps/cli-linux-x64-musl": "2.0.2", "@tauri-apps/cli-win32-arm64-msvc": "2.0.2", "@tauri-apps/cli-win32-ia32-msvc": "2.0.2", "@tauri-apps/cli-win32-x64-msvc": "2.0.2" }, "bin": { "tauri": "tauri.js" } }, "sha512-R4ontHZvXORArERAHIidp5zRfZEshZczTiK+poslBv7AGKpQZoMw+E49zns7mOmP64i2Cq9Ci0pJvi4Rm8Okzw=="],

    "@tauri-apps/cli-darwin-arm64": ["@tauri-apps/cli-darwin-arm64@2.0.2", "", { "os": "darwin", "cpu": "arm64" }, "sha512-B+/a8Q6wAqmB4A4HVeK0oQP5TdQGKW60ZLOI9O2ktH2HPr9ETr3XkwXPuJ2uAOuGEgtRZHBgFOIgG000vMnKlg=="],

    "@tauri-apps/cli-darwin-x64": ["@tauri-apps/cli-darwin-x64@2.0.2", "", { "os": "darwin", "cpu": "x64" }, "sha512-kaurhn6XT4gAVCPAQSSHl/CHFxTS0ljc47N7iGTSlYJ03sCWPRZeNuVa/bn6rolz9MA2JfnRnFqB1pUL6jzp9Q=="],

    "@tauri-apps/cli-linux-arm-gnueabihf": ["@tauri-apps/cli-linux-arm-gnueabihf@2.0.2", "", { "os": "linux", "cpu": "arm" }, "sha512-bVrofjlacMxmGMcqK18iBW05tsZXOd19/MnqruFFcHSVjvkGGIXHMtUbMXnZNXBPkHDsnfytNtkY9SZGfCFaBA=="],

    "@tauri-apps/cli-linux-arm64-gnu": ["@tauri-apps/cli-linux-arm64-gnu@2.0.2", "", { "os": "linux", "cpu": "arm64" }, "sha512-7XCBn0TTBVQGnV42dXcbHPLg/9W8kJoVzuliIozvNGyRWxfXqDbQYzpI48HUQG3LgHMabcw8+pVZAfGhevLrCA=="],

    "@tauri-apps/cli-linux-arm64-musl": ["@tauri-apps/cli-linux-arm64-musl@2.0.2", "", { "os": "linux", "cpu": "arm64" }, "sha512-1xi2SreGVlpAL68MCsDUY63rdItUdPZreXIAcOVqvUehcJRYOa1XGSBhrV0YXRgZeh0AtKC19z6PRzcv4rosZA=="],

    "@tauri-apps/cli-linux-x64-gnu": ["@tauri-apps/cli-linux-x64-gnu@2.0.2", "", { "os": "linux", "cpu": "x64" }, "sha512-WVjwYzPWFqZVg1fx6KSU5w47Q0VbMyaCp34qs5EcS8EIU0/RnofdzqUoOYqvgGVgNgoz7Pj5dXK2SkS8BHXMmA=="],

    "@tauri-apps/cli-linux-x64-musl": ["@tauri-apps/cli-linux-x64-musl@2.0.2", "", { "os": "linux", "cpu": "x64" }, "sha512-h5miE2mctgaQNn/BbG9o1pnJcrx+VGBi2A6JFqGu934lFgSV5+s28M8Gc8AF2JgFH4hQV4IuMkeSw8Chu5Dodg=="],

    "@tauri-apps/cli-win32-arm64-msvc": ["@tauri-apps/cli-win32-arm64-msvc@2.0.2", "", { "os": "win32", "cpu": "arm64" }, "sha512-2b8oO0+dYonahG5PfA/zoq0zlafLclfmXgqoWDZ++UiPtQHJNpNeEQ8GWbSFKGHQ494Jo6jHvazOojGRE1kqAg=="],

    "@tauri-apps/cli-win32-ia32-msvc": ["@tauri-apps/cli-win32-ia32-msvc@2.0.2", "", { "os": "win32", "cpu": "ia32" }, "sha512-axgICLunFi0To3EibdCBgbST5RocsSmtM4c04+CbcX8WQQosJ9ziWlCSrrOTRr+gJERAMSvEyVUS98f6bWMw9A=="],

    "@tauri-apps/cli-win32-x64-msvc": ["@tauri-apps/cli-win32-x64-msvc@2.0.2", "", { "os": "win32", "cpu": "x64" }, "sha512-JR17cM6+DyExZRgpXr2/DdqvcFYi/EKvQt8dI5R1/uQoesWd8jeNnrU7c1FG1Zmw9+pTzDztsNqEKsrNq2sNIg=="],
  }
}
